<Solution>
  <Folder Name="/src/">
    <Project Path="src/GameDesignWizard.App/GameDesignWizard.App.csproj" />
    <Project Path="src/GameDesignWizard.Core/GameDesignWizard.Core.csproj" />
    <Project Path="src/GameDesignWizard.Documents/GameDesignWizard.Documents.csproj" />
    <Project Path="src/GameDesignWizard.Infrastructure/GameDesignWizard.Infrastructure.csproj" />
  </Folder>
  <Folder Name="/tools/">
    <Project Path="tools/GameDesignWizard.CatalogTool/GameDesignWizard.CatalogTool.csproj" />
  </Folder>
</Solution>
